
Microsoft Visual Studio Solution File, Format Version 12.00
# Visual Studio Version 16
VisualStudioVersion = 16.0.30711.63
MinimumVisualStudioVersion = 10.0.40219.1
Project("{FAE04EC0-301F-11D3-BF4B-00C04F79EFBC}") = "CompGraphics_Lab8", "CompGraphics_Lab8\CompGraphics_Lab8.csproj", "{6504E488-22DB-4B59-B3CF-33D379553A90}"
EndProject
Global
	GlobalSection(SolutionConfigurationPlatforms) = preSolution
		Debug|Any CPU = Debug|Any CPU
		Release|Any CPU = Release|Any CPU
	EndGlobalSection
	GlobalSection(ProjectConfigurationPlatforms) = postSolution
		{6504E488-22DB-4B59-B3CF-33D379553A90}.Debug|Any CPU.ActiveCfg = Debug|Any CPU
		{6504E488-22DB-4B59-B3CF-33D379553A90}.Debug|Any CPU.Build.0 = Debug|Any CPU
		{6504E488-22DB-4B59-B3CF-33D379553A90}.Release|Any CPU.ActiveCfg = Release|Any CPU
		{6504E488-22DB-4B59-B3CF-33D379553A90}.Release|Any CPU.Build.0 = Release|Any CPU
	EndGlobalSection
	GlobalSection(SolutionProperties) = preSolution
		HideSolutionNode = FALSE
	EndGlobalSection
	GlobalSection(ExtensibilityGlobals) = postSolution
		SolutionGuid = {63C36E68-4ED1-48DB-B13C-C68E0694EB48}
	EndGlobalSection
EndGlobal
